
Microsoft Visual Studio Solution File, Format Version 12.00
# Visual Studio 15
VisualStudioVersion = 15.0.27703.2035
MinimumVisualStudioVersion = 10.0.40219.1
Project("{FAE04EC0-301F-11D3-BF4B-00C04F79EFBC}") = "Esteiger_VendingMacine", "Esteiger_VendingMacine\Esteiger_VendingMacine.csproj", "{38E88A57-4E0C-4ED3-A1B3-F8012A560622}"
EndProject
Global
	GlobalSection(SolutionConfigurationPlatforms) = preSolution
		Debug|Any CPU = Debug|Any CPU
		Release|Any CPU = Release|Any CPU
	EndGlobalSection
	GlobalSection(ProjectConfigurationPlatforms) = postSolution
		{38E88A57-4E0C-4ED3-A1B3-F8012A560622}.Debug|Any CPU.ActiveCfg = Debug|Any CPU
		{38E88A57-4E0C-4ED3-A1B3-F8012A560622}.Debug|Any CPU.Build.0 = Debug|Any CPU
		{38E88A57-4E0C-4ED3-A1B3-F8012A560622}.Release|Any CPU.ActiveCfg = Release|Any CPU
		{38E88A57-4E0C-4ED3-A1B3-F8012A560622}.Release|Any CPU.Build.0 = Release|Any CPU
	EndGlobalSection
	GlobalSection(SolutionProperties) = preSolution
		HideSolutionNode = FALSE
	EndGlobalSection
	GlobalSection(ExtensibilityGlobals) = postSolution
		SolutionGuid = {B258D213-B2F6-4366-8F08-42527B58B4E5}
	EndGlobalSection
EndGlobal
